
Microsoft Visual Studio Solution File, Format Version 12.00
# Visual Studio Version 16
VisualStudioVersion = 16.0.29102.190
MinimumVisualStudioVersion = 10.0.40219.1
Project("{FAE04EC0-301F-11D3-BF4B-00C04F79EFBC}") = "GitTest2", "GitTest2\GitTest2.csproj", "{8D20BAC1-9046-43AD-A7D5-6752F85CEF47}"
EndProject
Global
	GlobalSection(SolutionConfigurationPlatforms) = preSolution
		Debug|Any CPU = Debug|Any CPU
		Release|Any CPU = Release|Any CPU
	EndGlobalSection
	GlobalSection(ProjectConfigurationPlatforms) = postSolution
		{8D20BAC1-9046-43AD-A7D5-6752F85CEF47}.Debug|Any CPU.ActiveCfg = Debug|Any CPU
		{8D20BAC1-9046-43AD-A7D5-6752F85CEF47}.Debug|Any CPU.Build.0 = Debug|Any CPU
		{8D20BAC1-9046-43AD-A7D5-6752F85CEF47}.Release|Any CPU.ActiveCfg = Release|Any CPU
		{8D20BAC1-9046-43AD-A7D5-6752F85CEF47}.Release|Any CPU.Build.0 = Release|Any CPU
	EndGlobalSection
	GlobalSection(SolutionProperties) = preSolution
		HideSolutionNode = FALSE
	EndGlobalSection
	GlobalSection(ExtensibilityGlobals) = postSolution
		SolutionGuid = {8967F680-2E72-41E8-9852-95B81B6D7C80}
	EndGlobalSection
EndGlobal
